
Microsoft Visual Studio Solution File, Format Version 12.00
# Visual Studio Version 17
VisualStudioVersion = 17.0.31903.59
MinimumVisualStudioVersion = 10.0.40219.1
Project("{2150E333-8FDC-42A3-9474-1A3956D46DE8}") = "backend", "backend", "{1AE8ACA6-933B-BF2A-3671-3E2EAC007D16}"
EndProject
Project("{FAE04EC0-301F-11D3-BF4B-00C04F79EFBC}") = "WordLearner.API", "backend\WordLearner.API\WordLearner.API.csproj", "{1A84BEEA-B82A-41A7-8744-D2C01B818C6F}"
EndProject
Project("{FAE04EC0-301F-11D3-BF4B-00C04F79EFBC}") = "WordLearner.Application", "backend\WordLearner.Application\WordLearner.Application.csproj", "{8FD2532E-8F85-4379-929E-250A15D854FA}"
EndProject
Project("{FAE04EC0-301F-11D3-BF4B-00C04F79EFBC}") = "WordLearner.Infrastructure", "backend\WordLearner.Infrastructure\WordLearner.Infrastructure.csproj", "{74A077D1-5787-4947-8C7F-C5065060057D}"
EndProject
Project("{FAE04EC0-301F-11D3-BF4B-00C04F79EFBC}") = "WordLearner.Domain", "backend\WordLearner.Domain\WordLearner.Domain.csproj", "{A9907500-9941-48DC-80D1-6D5E6B25176B}"
EndProject
Project("{FAE04EC0-301F-11D3-BF4B-00C04F79EFBC}") = "WordLearner.Tests", "backend\WordLearner.Tests\WordLearner.Tests.csproj", "{D135938E-D94F-416B-AC09-869A9898AF28}"
EndProject
Global
	GlobalSection(SolutionConfigurationPlatforms) = preSolution
		Debug|Any CPU = Debug|Any CPU
		Debug|x64 = Debug|x64
		Debug|x86 = Debug|x86
		Release|Any CPU = Release|Any CPU
		Release|x64 = Release|x64
		Release|x86 = Release|x86
	EndGlobalSection
	GlobalSection(ProjectConfigurationPlatforms) = postSolution
		{1A84BEEA-B82A-41A7-8744-D2C01B818C6F}.Debug|Any CPU.ActiveCfg = Debug|Any CPU
		{1A84BEEA-B82A-41A7-8744-D2C01B818C6F}.Debug|Any CPU.Build.0 = Debug|Any CPU
		{1A84BEEA-B82A-41A7-8744-D2C01B818C6F}.Debug|x64.ActiveCfg = Debug|Any CPU
		{1A84BEEA-B82A-41A7-8744-D2C01B818C6F}.Debug|x64.Build.0 = Debug|Any CPU
		{1A84BEEA-B82A-41A7-8744-D2C01B818C6F}.Debug|x86.ActiveCfg = Debug|Any CPU
		{1A84BEEA-B82A-41A7-8744-D2C01B818C6F}.Debug|x86.Build.0 = Debug|Any CPU
		{1A84BEEA-B82A-41A7-8744-D2C01B818C6F}.Release|Any CPU.ActiveCfg = Release|Any CPU
		{1A84BEEA-B82A-41A7-8744-D2C01B818C6F}.Release|Any CPU.Build.0 = Release|Any CPU
		{1A84BEEA-B82A-41A7-8744-D2C01B818C6F}.Release|x64.ActiveCfg = Release|Any CPU
		{1A84BEEA-B82A-41A7-8744-D2C01B818C6F}.Release|x64.Build.0 = Release|Any CPU
		{1A84BEEA-B82A-41A7-8744-D2C01B818C6F}.Release|x86.ActiveCfg = Release|Any CPU
		{1A84BEEA-B82A-41A7-8744-D2C01B818C6F}.Release|x86.Build.0 = Release|Any CPU
		{8FD2532E-8F85-4379-929E-250A15D854FA}.Debug|Any CPU.ActiveCfg = Debug|Any CPU
		{8FD2532E-8F85-4379-929E-250A15D854FA}.Debug|Any CPU.Build.0 = Debug|Any CPU
		{8FD2532E-8F85-4379-929E-250A15D854FA}.Debug|x64.ActiveCfg = Debug|Any CPU
		{8FD2532E-8F85-4379-929E-250A15D854FA}.Debug|x64.Build.0 = Debug|Any CPU
		{8FD2532E-8F85-4379-929E-250A15D854FA}.Debug|x86.ActiveCfg = Debug|Any CPU
		{8FD2532E-8F85-4379-929E-250A15D854FA}.Debug|x86.Build.0 = Debug|Any CPU
		{8FD2532E-8F85-4379-929E-250A15D854FA}.Release|Any CPU.ActiveCfg = Release|Any CPU
		{8FD2532E-8F85-4379-929E-250A15D854FA}.Release|Any CPU.Build.0 = Release|Any CPU
		{8FD2532E-8F85-4379-929E-250A15D854FA}.Release|x64.ActiveCfg = Release|Any CPU
		{8FD2532E-8F85-4379-929E-250A15D854FA}.Release|x64.Build.0 = Release|Any CPU
		{8FD2532E-8F85-4379-929E-250A15D854FA}.Release|x86.ActiveCfg = Release|Any CPU
		{8FD2532E-8F85-4379-929E-250A15D854FA}.Release|x86.Build.0 = Release|Any CPU
		{74A077D1-5787-4947-8C7F-C5065060057D}.Debug|Any CPU.ActiveCfg = Debug|Any CPU
		{74A077D1-5787-4947-8C7F-C5065060057D}.Debug|Any CPU.Build.0 = Debug|Any CPU
		{74A077D1-5787-4947-8C7F-C5065060057D}.Debug|x64.ActiveCfg = Debug|Any CPU
		{74A077D1-5787-4947-8C7F-C5065060057D}.Debug|x64.Build.0 = Debug|Any CPU
		{74A077D1-5787-4947-8C7F-C5065060057D}.Debug|x86.ActiveCfg = Debug|Any CPU
		{74A077D1-5787-4947-8C7F-C5065060057D}.Debug|x86.Build.0 = Debug|Any CPU
		{74A077D1-5787-4947-8C7F-C5065060057D}.Release|Any CPU.ActiveCfg = Release|Any CPU
		{74A077D1-5787-4947-8C7F-C5065060057D}.Release|Any CPU.Build.0 = Release|Any CPU
		{74A077D1-5787-4947-8C7F-C5065060057D}.Release|x64.ActiveCfg = Release|Any CPU
		{74A077D1-5787-4947-8C7F-C5065060057D}.Release|x64.Build.0 = Release|Any CPU
		{74A077D1-5787-4947-8C7F-C5065060057D}.Release|x86.ActiveCfg = Release|Any CPU
		{74A077D1-5787-4947-8C7F-C5065060057D}.Release|x86.Build.0 = Release|Any CPU
		{A9907500-9941-48DC-80D1-6D5E6B25176B}.Debug|Any CPU.ActiveCfg = Debug|Any CPU
		{A9907500-9941-48DC-80D1-6D5E6B25176B}.Debug|Any CPU.Build.0 = Debug|Any CPU
		{A9907500-9941-48DC-80D1-6D5E6B25176B}.Debug|x64.ActiveCfg = Debug|Any CPU
		{A9907500-9941-48DC-80D1-6D5E6B25176B}.Debug|x64.Build.0 = Debug|Any CPU
		{A9907500-9941-48DC-80D1-6D5E6B25176B}.Debug|x86.ActiveCfg = Debug|Any CPU
		{A9907500-9941-48DC-80D1-6D5E6B25176B}.Debug|x86.Build.0 = Debug|Any CPU
		{A9907500-9941-48DC-80D1-6D5E6B25176B}.Release|Any CPU.ActiveCfg = Release|Any CPU
		{A9907500-9941-48DC-80D1-6D5E6B25176B}.Release|Any CPU.Build.0 = Release|Any CPU
		{A9907500-9941-48DC-80D1-6D5E6B25176B}.Release|x64.ActiveCfg = Release|Any CPU
		{A9907500-9941-48DC-80D1-6D5E6B25176B}.Release|x64.Build.0 = Release|Any CPU
		{A9907500-9941-48DC-80D1-6D5E6B25176B}.Release|x86.ActiveCfg = Release|Any CPU
		{A9907500-9941-48DC-80D1-6D5E6B25176B}.Release|x86.Build.0 = Release|Any CPU
		{D135938E-D94F-416B-AC09-869A9898AF28}.Debug|Any CPU.ActiveCfg = Debug|Any CPU
		{D135938E-D94F-416B-AC09-869A9898AF28}.Debug|Any CPU.Build.0 = Debug|Any CPU
		{D135938E-D94F-416B-AC09-869A9898AF28}.Debug|x64.ActiveCfg = Debug|Any CPU
		{D135938E-D94F-416B-AC09-869A9898AF28}.Debug|x64.Build.0 = Debug|Any CPU
		{D135938E-D94F-416B-AC09-869A9898AF28}.Debug|x86.ActiveCfg = Debug|Any CPU
		{D135938E-D94F-416B-AC09-869A9898AF28}.Debug|x86.Build.0 = Debug|Any CPU
		{D135938E-D94F-416B-AC09-869A9898AF28}.Release|Any CPU.ActiveCfg = Release|Any CPU
		{D135938E-D94F-416B-AC09-869A9898AF28}.Release|Any CPU.Build.0 = Release|Any CPU
		{D135938E-D94F-416B-AC09-869A9898AF28}.Release|x64.ActiveCfg = Release|Any CPU
		{D135938E-D94F-416B-AC09-869A9898AF28}.Release|x64.Build.0 = Release|Any CPU
		{D135938E-D94F-416B-AC09-869A9898AF28}.Release|x86.ActiveCfg = Release|Any CPU
		{D135938E-D94F-416B-AC09-869A9898AF28}.Release|x86.Build.0 = Release|Any CPU
	EndGlobalSection
	GlobalSection(SolutionProperties) = preSolution
		HideSolutionNode = FALSE
	EndGlobalSection
	GlobalSection(NestedProjects) = preSolution
		{1A84BEEA-B82A-41A7-8744-D2C01B818C6F} = {1AE8ACA6-933B-BF2A-3671-3E2EAC007D16}
		{8FD2532E-8F85-4379-929E-250A15D854FA} = {1AE8ACA6-933B-BF2A-3671-3E2EAC007D16}
		{74A077D1-5787-4947-8C7F-C5065060057D} = {1AE8ACA6-933B-BF2A-3671-3E2EAC007D16}
		{A9907500-9941-48DC-80D1-6D5E6B25176B} = {1AE8ACA6-933B-BF2A-3671-3E2EAC007D16}
		{D135938E-D94F-416B-AC09-869A9898AF28} = {1AE8ACA6-933B-BF2A-3671-3E2EAC007D16}
	EndGlobalSection
EndGlobal
