<Solution>
  <Folder Name="/backend/">
    <Project Path="backend/WordLearner.API/WordLearner.API.csproj" />
    <Project Path="backend/WordLearner.Application/WordLearner.Application.csproj" />
    <Project Path="backend/WordLearner.Domain/WordLearner.Domain.csproj" />
    <Project Path="backend/WordLearner.Infrastructure/WordLearner.Infrastructure.csproj" />
  </Folder>
</Solution>
