
Microsoft Visual Studio Solution File, Format Version 12.00
# Visual Studio Version 17
VisualStudioVersion = 17.0.31903.59
MinimumVisualStudioVersion = 10.0.40219.1
Project("{FAE04EC0-301F-11D3-BF4B-00C04F79EFBC}") = "WordLearner.API", "WordLearner.API\WordLearner.API.csproj", "{AD435191-F45D-447B-BCC8-EE33B7688A88}"
EndProject
Project("{FAE04EC0-301F-11D3-BF4B-00C04F79EFBC}") = "WordLearner.Application", "WordLearner.Application\WordLearner.Application.csproj", "{982418E9-6908-480A-A428-2636B28548B5}"
EndProject
Project("{FAE04EC0-301F-11D3-BF4B-00C04F79EFBC}") = "WordLearner.Infrastructure", "WordLearner.Infrastructure\WordLearner.Infrastructure.csproj", "{32CB9FAA-8E6F-408D-AD29-9BFCDCC0AB61}"
EndProject
Project("{FAE04EC0-301F-11D3-BF4B-00C04F79EFBC}") = "WordLearner.Domain", "WordLearner.Domain\WordLearner.Domain.csproj", "{6CE272EB-F30A-46F4-AFAE-9610A5ABB528}"
EndProject
Project("{FAE04EC0-301F-11D3-BF4B-00C04F79EFBC}") = "WordLearner.Tests", "WordLearner.Tests\WordLearner.Tests.csproj", "{AB5655FD-12CB-473B-BB6A-E201044C5A39}"
EndProject
Global
	GlobalSection(SolutionConfigurationPlatforms) = preSolution
		Debug|Any CPU = Debug|Any CPU
		Debug|x64 = Debug|x64
		Debug|x86 = Debug|x86
		Release|Any CPU = Release|Any CPU
		Release|x64 = Release|x64
		Release|x86 = Release|x86
	EndGlobalSection
	GlobalSection(ProjectConfigurationPlatforms) = postSolution
		{AD435191-F45D-447B-BCC8-EE33B7688A88}.Debug|Any CPU.ActiveCfg = Debug|Any CPU
		{AD435191-F45D-447B-BCC8-EE33B7688A88}.Debug|Any CPU.Build.0 = Debug|Any CPU
		{AD435191-F45D-447B-BCC8-EE33B7688A88}.Debug|x64.ActiveCfg = Debug|Any CPU
		{AD435191-F45D-447B-BCC8-EE33B7688A88}.Debug|x64.Build.0 = Debug|Any CPU
		{AD435191-F45D-447B-BCC8-EE33B7688A88}.Debug|x86.ActiveCfg = Debug|Any CPU
		{AD435191-F45D-447B-BCC8-EE33B7688A88}.Debug|x86.Build.0 = Debug|Any CPU
		{AD435191-F45D-447B-BCC8-EE33B7688A88}.Release|Any CPU.ActiveCfg = Release|Any CPU
		{AD435191-F45D-447B-BCC8-EE33B7688A88}.Release|Any CPU.Build.0 = Release|Any CPU
		{AD435191-F45D-447B-BCC8-EE33B7688A88}.Release|x64.ActiveCfg = Release|Any CPU
		{AD435191-F45D-447B-BCC8-EE33B7688A88}.Release|x64.Build.0 = Release|Any CPU
		{AD435191-F45D-447B-BCC8-EE33B7688A88}.Release|x86.ActiveCfg = Release|Any CPU
		{AD435191-F45D-447B-BCC8-EE33B7688A88}.Release|x86.Build.0 = Release|Any CPU
		{982418E9-6908-480A-A428-2636B28548B5}.Debug|Any CPU.ActiveCfg = Debug|Any CPU
		{982418E9-6908-480A-A428-2636B28548B5}.Debug|Any CPU.Build.0 = Debug|Any CPU
		{982418E9-6908-480A-A428-2636B28548B5}.Debug|x64.ActiveCfg = Debug|Any CPU
		{982418E9-6908-480A-A428-2636B28548B5}.Debug|x64.Build.0 = Debug|Any CPU
		{982418E9-6908-480A-A428-2636B28548B5}.Debug|x86.ActiveCfg = Debug|Any CPU
		{982418E9-6908-480A-A428-2636B28548B5}.Debug|x86.Build.0 = Debug|Any CPU
		{982418E9-6908-480A-A428-2636B28548B5}.Release|Any CPU.ActiveCfg = Release|Any CPU
		{982418E9-6908-480A-A428-2636B28548B5}.Release|Any CPU.Build.0 = Release|Any CPU
		{982418E9-6908-480A-A428-2636B28548B5}.Release|x64.ActiveCfg = Release|Any CPU
		{982418E9-6908-480A-A428-2636B28548B5}.Release|x64.Build.0 = Release|Any CPU
		{982418E9-6908-480A-A428-2636B28548B5}.Release|x86.ActiveCfg = Release|Any CPU
		{982418E9-6908-480A-A428-2636B28548B5}.Release|x86.Build.0 = Release|Any CPU
		{32CB9FAA-8E6F-408D-AD29-9BFCDCC0AB61}.Debug|Any CPU.ActiveCfg = Debug|Any CPU
		{32CB9FAA-8E6F-408D-AD29-9BFCDCC0AB61}.Debug|Any CPU.Build.0 = Debug|Any CPU
		{32CB9FAA-8E6F-408D-AD29-9BFCDCC0AB61}.Debug|x64.ActiveCfg = Debug|Any CPU
		{32CB9FAA-8E6F-408D-AD29-9BFCDCC0AB61}.Debug|x64.Build.0 = Debug|Any CPU
		{32CB9FAA-8E6F-408D-AD29-9BFCDCC0AB61}.Debug|x86.ActiveCfg = Debug|Any CPU
		{32CB9FAA-8E6F-408D-AD29-9BFCDCC0AB61}.Debug|x86.Build.0 = Debug|Any CPU
		{32CB9FAA-8E6F-408D-AD29-9BFCDCC0AB61}.Release|Any CPU.ActiveCfg = Release|Any CPU
		{32CB9FAA-8E6F-408D-AD29-9BFCDCC0AB61}.Release|Any CPU.Build.0 = Release|Any CPU
		{32CB9FAA-8E6F-408D-AD29-9BFCDCC0AB61}.Release|x64.ActiveCfg = Release|Any CPU
		{32CB9FAA-8E6F-408D-AD29-9BFCDCC0AB61}.Release|x64.Build.0 = Release|Any CPU
		{32CB9FAA-8E6F-408D-AD29-9BFCDCC0AB61}.Release|x86.ActiveCfg = Release|Any CPU
		{32CB9FAA-8E6F-408D-AD29-9BFCDCC0AB61}.Release|x86.Build.0 = Release|Any CPU
		{6CE272EB-F30A-46F4-AFAE-9610A5ABB528}.Debug|Any CPU.ActiveCfg = Debug|Any CPU
		{6CE272EB-F30A-46F4-AFAE-9610A5ABB528}.Debug|Any CPU.Build.0 = Debug|Any CPU
		{6CE272EB-F30A-46F4-AFAE-9610A5ABB528}.Debug|x64.ActiveCfg = Debug|Any CPU
		{6CE272EB-F30A-46F4-AFAE-9610A5ABB528}.Debug|x64.Build.0 = Debug|Any CPU
		{6CE272EB-F30A-46F4-AFAE-9610A5ABB528}.Debug|x86.ActiveCfg = Debug|Any CPU
		{6CE272EB-F30A-46F4-AFAE-9610A5ABB528}.Debug|x86.Build.0 = Debug|Any CPU
		{6CE272EB-F30A-46F4-AFAE-9610A5ABB528}.Release|Any CPU.ActiveCfg = Release|Any CPU
		{6CE272EB-F30A-46F4-AFAE-9610A5ABB528}.Release|Any CPU.Build.0 = Release|Any CPU
		{6CE272EB-F30A-46F4-AFAE-9610A5ABB528}.Release|x64.ActiveCfg = Release|Any CPU
		{6CE272EB-F30A-46F4-AFAE-9610A5ABB528}.Release|x64.Build.0 = Release|Any CPU
		{6CE272EB-F30A-46F4-AFAE-9610A5ABB528}.Release|x86.ActiveCfg = Release|Any CPU
		{6CE272EB-F30A-46F4-AFAE-9610A5ABB528}.Release|x86.Build.0 = Release|Any CPU
		{AB5655FD-12CB-473B-BB6A-E201044C5A39}.Debug|Any CPU.ActiveCfg = Debug|Any CPU
		{AB5655FD-12CB-473B-BB6A-E201044C5A39}.Debug|Any CPU.Build.0 = Debug|Any CPU
		{AB5655FD-12CB-473B-BB6A-E201044C5A39}.Debug|x64.ActiveCfg = Debug|Any CPU
		{AB5655FD-12CB-473B-BB6A-E201044C5A39}.Debug|x64.Build.0 = Debug|Any CPU
		{AB5655FD-12CB-473B-BB6A-E201044C5A39}.Debug|x86.ActiveCfg = Debug|Any CPU
		{AB5655FD-12CB-473B-BB6A-E201044C5A39}.Debug|x86.Build.0 = Debug|Any CPU
		{AB5655FD-12CB-473B-BB6A-E201044C5A39}.Release|Any CPU.ActiveCfg = Release|Any CPU
		{AB5655FD-12CB-473B-BB6A-E201044C5A39}.Release|Any CPU.Build.0 = Release|Any CPU
		{AB5655FD-12CB-473B-BB6A-E201044C5A39}.Release|x64.ActiveCfg = Release|Any CPU
		{AB5655FD-12CB-473B-BB6A-E201044C5A39}.Release|x64.Build.0 = Release|Any CPU
		{AB5655FD-12CB-473B-BB6A-E201044C5A39}.Release|x86.ActiveCfg = Release|Any CPU
		{AB5655FD-12CB-473B-BB6A-E201044C5A39}.Release|x86.Build.0 = Release|Any CPU
	EndGlobalSection
	GlobalSection(SolutionProperties) = preSolution
		HideSolutionNode = FALSE
	EndGlobalSection
EndGlobal
